
Microsoft Visual Studio Solution File, Format Version 11.00
# Visual Studio 2010
Project("{FAE04EC0-301F-11D3-BF4B-00C04F79EFBC}") = "Assembly-CSharp", "Assembly-CSharp.csproj", "{881391BF-EBF3-E918-45A9-1F3269CAF0B7}"
EndProject
Project("{FAE04EC0-301F-11D3-BF4B-00C04F79EFBC}") = "Assembly-CSharp-Editor-firstpass", "Assembly-CSharp-Editor-firstpass.csproj", "{F75F7E2E-7B87-5587-B027-C4BCA77C235C}"
EndProject
Global
	GlobalSection(SolutionConfigurationPlatforms) = preSolution
		Debug|Any CPU = Debug|Any CPU
		Release|Any CPU = Release|Any CPU
	EndGlobalSection
	GlobalSection(ProjectConfigurationPlatforms) = postSolution
		{881391BF-EBF3-E918-45A9-1F3269CAF0B7}.Debug|Any CPU.ActiveCfg = Debug|Any CPU
		{881391BF-EBF3-E918-45A9-1F3269CAF0B7}.Debug|Any CPU.Build.0 = Debug|Any CPU
		{881391BF-EBF3-E918-45A9-1F3269CAF0B7}.Release|Any CPU.ActiveCfg = Release|Any CPU
		{881391BF-EBF3-E918-45A9-1F3269CAF0B7}.Release|Any CPU.Build.0 = Release|Any CPU
		{F75F7E2E-7B87-5587-B027-C4BCA77C235C}.Debug|Any CPU.ActiveCfg = Debug|Any CPU
		{F75F7E2E-7B87-5587-B027-C4BCA77C235C}.Debug|Any CPU.Build.0 = Debug|Any CPU
		{F75F7E2E-7B87-5587-B027-C4BCA77C235C}.Release|Any CPU.ActiveCfg = Release|Any CPU
		{F75F7E2E-7B87-5587-B027-C4BCA77C235C}.Release|Any CPU.Build.0 = Release|Any CPU
	EndGlobalSection
	GlobalSection(SolutionProperties) = preSolution
		HideSolutionNode = FALSE
	EndGlobalSection
	GlobalSection(MonoDevelopProperties) = preSolution
		StartupItem = Assembly-CSharp.csproj
	EndGlobalSection
EndGlobal
